// !$*UTF8*$!
{
	archiveVersion = 1;
	classes = {
	};
	objectVersion = 46;
	objects = {

/* Begin PBXBuildFile section */
		1A2B2ACC6789DD2F1A84BF2D /* Pods_ForgetMeNot.framework in Frameworks */ = {isa = PBXBuildFile; fileRef = 7DA296AB4079D8244CD75961 /* Pods_ForgetMeNot.framework */; };
		250E490F217679C300D4F516 /* Reservation.swift in Sources */ = {isa = PBXBuildFile; fileRef = 250E490E217679C300D4F516 /* Reservation.swift */; };
		2525652C217F757E00DFADCD /* GoogleService-Info.plist in Resources */ = {isa = PBXBuildFile; fileRef = 2525652B217F757E00DFADCD /* GoogleService-Info.plist */; };
		252E40BC217D1BFE00AB511E /* Media.xcassets in Resources */ = {isa = PBXBuildFile; fileRef = 252E40BB217D1BFE00AB511E /* Media.xcassets */; };
		25B1D641219BA28D00D81863 /* UserData.swift in Sources */ = {isa = PBXBuildFile; fileRef = 25B1D640219BA28D00D81863 /* UserData.swift */; };
		25D26E1921AE800600C301A4 /* Users.swift in Sources */ = {isa = PBXBuildFile; fileRef = 25D26E1821AE800600C301A4 /* Users.swift */; };
		25D6EC2E217FBCD3008A9EA5 /* SignInViewController.swift in Sources */ = {isa = PBXBuildFile; fileRef = 25D6EC2D217FBCD3008A9EA5 /* SignInViewController.swift */; };
		25D6EC30217FBCE9008A9EA5 /* SignUpViewController.swift in Sources */ = {isa = PBXBuildFile; fileRef = 25D6EC2F217FBCE9008A9EA5 /* SignUpViewController.swift */; };
		25E3BF3E21A500E6003DECBA /* Helper.swift in Sources */ = {isa = PBXBuildFile; fileRef = 25E3BF3D21A500E6003DECBA /* Helper.swift */; };
		25E9FDEB21AE7D490073DF78 /* CustomerViewController.swift in Sources */ = {isa = PBXBuildFile; fileRef = 25E9FDEA21AE7D490073DF78 /* CustomerViewController.swift */; };
		6307586F2184F5CD002E09C5 /* Alert.swift in Sources */ = {isa = PBXBuildFile; fileRef = 6307586E2184F5CD002E09C5 /* Alert.swift */; };
		6307587221850602002E09C5 /* Customer.storyboard in Resources */ = {isa = PBXBuildFile; fileRef = 6307587121850602002E09C5 /* Customer.storyboard */; };
		63075874218507BF002E09C5 /* Host.storyboard in Resources */ = {isa = PBXBuildFile; fileRef = 63075873218507BF002E09C5 /* Host.storyboard */; };
		630C1BE921B08F2D00755F71 /* CompData.swift in Sources */ = {isa = PBXBuildFile; fileRef = 630C1BE821B08F2D00755F71 /* CompData.swift */; };
		6353EFF1218271E1001C1852 /* ReservationsViewController.swift in Sources */ = {isa = PBXBuildFile; fileRef = 6353EFF0218271E0001C1852 /* ReservationsViewController.swift */; };
		6353EFF3218271EF001C1852 /* DatePickerViewController.swift in Sources */ = {isa = PBXBuildFile; fileRef = 6353EFF2218271EF001C1852 /* DatePickerViewController.swift */; };
		635EA40721611F3D00F51096 /* CalendarViewController.swift in Sources */ = {isa = PBXBuildFile; fileRef = 635EA40621611F3D00F51096 /* CalendarViewController.swift */; };
		C00360541E39747F00234FCD /* LaunchScreen.storyboard in Resources */ = {isa = PBXBuildFile; fileRef = C00360531E39747F00234FCD /* LaunchScreen.storyboard */; };
		C00360911E3EA86500234FCD /* Icons.swift in Sources */ = {isa = PBXBuildFile; fileRef = C003608A1E3EA86500234FCD /* Icons.swift */; };
		C00360921E3EA86500234FCD /* Item.swift in Sources */ = {isa = PBXBuildFile; fileRef = C003608B1E3EA86500234FCD /* Item.swift */; };
		C00360931E3EA86500234FCD /* ItemCell.swift in Sources */ = {isa = PBXBuildFile; fileRef = C003608D1E3EA86500234FCD /* ItemCell.swift */; };
		C00360941E3EA86500234FCD /* AddItemViewController.swift in Sources */ = {isa = PBXBuildFile; fileRef = C003608F1E3EA86500234FCD /* AddItemViewController.swift */; };
		C00360951E3EA86500234FCD /* ItemsViewController.swift in Sources */ = {isa = PBXBuildFile; fileRef = C00360901E3EA86500234FCD /* ItemsViewController.swift */; };
		C00360971E3EA88F00234FCD /* IconCell.swift in Sources */ = {isa = PBXBuildFile; fileRef = C00360961E3EA88F00234FCD /* IconCell.swift */; };
		FB9CC95C1AD701910038DF33 /* AppDelegate.swift in Sources */ = {isa = PBXBuildFile; fileRef = FB9CC95B1AD701910038DF33 /* AppDelegate.swift */; };
		FB9CC9631AD701910038DF33 /* Images.xcassets in Resources */ = {isa = PBXBuildFile; fileRef = FB9CC9621AD701910038DF33 /* Images.xcassets */; };
		FB9CC97C1AD701CF0038DF33 /* CoreGraphics.framework in Frameworks */ = {isa = PBXBuildFile; fileRef = FB9CC97B1AD701CF0038DF33 /* CoreGraphics.framework */; };
		FB9CC97E1AD701DA0038DF33 /* UIKit.framework in Frameworks */ = {isa = PBXBuildFile; fileRef = FB9CC97D1AD701DA0038DF33 /* UIKit.framework */; };
		FB9CC9801AD701E60038DF33 /* Foundation.framework in Frameworks */ = {isa = PBXBuildFile; fileRef = FB9CC97F1AD701E60038DF33 /* Foundation.framework */; };
		FB9CC98A1AD702CC0038DF33 /* Main.storyboard in Resources */ = {isa = PBXBuildFile; fileRef = FB9CC9891AD702CC0038DF33 /* Main.storyboard */; };
/* End PBXBuildFile section */

/* Begin PBXFileReference section */
		250E490E217679C300D4F516 /* Reservation.swift */ = {isa = PBXFileReference; lastKnownFileType = sourcecode.swift; path = Reservation.swift; sourceTree = "<group>"; };
		2525652B217F757E00DFADCD /* GoogleService-Info.plist */ = {isa = PBXFileReference; fileEncoding = 4; lastKnownFileType = text.plist.xml; name = "GoogleService-Info.plist"; path = "ForgetMeNot/GoogleService-Info.plist"; sourceTree = SOURCE_ROOT; };
		252E40BB217D1BFE00AB511E /* Media.xcassets */ = {isa = PBXFileReference; lastKnownFileType = folder.assetcatalog; path = Media.xcassets; sourceTree = "<group>"; };
		25B1D640219BA28D00D81863 /* UserData.swift */ = {isa = PBXFileReference; lastKnownFileType = sourcecode.swift; name = UserData.swift; path = ForgetMeNot/Classes/UserData.swift; sourceTree = SOURCE_ROOT; };
		25D26E1821AE800600C301A4 /* Users.swift */ = {isa = PBXFileReference; lastKnownFileType = sourcecode.swift; path = Users.swift; sourceTree = "<group>"; };
		25D6EC2D217FBCD3008A9EA5 /* SignInViewController.swift */ = {isa = PBXFileReference; lastKnownFileType = sourcecode.swift; path = SignInViewController.swift; sourceTree = "<group>"; };
		25D6EC2F217FBCE9008A9EA5 /* SignUpViewController.swift */ = {isa = PBXFileReference; lastKnownFileType = sourcecode.swift; path = SignUpViewController.swift; sourceTree = "<group>"; };
		25E3BF3D21A500E6003DECBA /* Helper.swift */ = {isa = PBXFileReference; fileEncoding = 4; lastKnownFileType = sourcecode.swift; path = Helper.swift; sourceTree = "<group>"; };
		25E9FDEA21AE7D490073DF78 /* CustomerViewController.swift */ = {isa = PBXFileReference; lastKnownFileType = sourcecode.swift; path = CustomerViewController.swift; sourceTree = "<group>"; };
		6307586E2184F5CD002E09C5 /* Alert.swift */ = {isa = PBXFileReference; lastKnownFileType = sourcecode.swift; path = Alert.swift; sourceTree = "<group>"; };
		6307587121850602002E09C5 /* Customer.storyboard */ = {isa = PBXFileReference; lastKnownFileType = file.storyboard; path = Customer.storyboard; sourceTree = "<group>"; };
		63075873218507BF002E09C5 /* Host.storyboard */ = {isa = PBXFileReference; lastKnownFileType = file.storyboard; path = Host.storyboard; sourceTree = "<group>"; };
		630C1BE821B08F2D00755F71 /* CompData.swift */ = {isa = PBXFileReference; lastKnownFileType = sourcecode.swift; path = CompData.swift; sourceTree = "<group>"; };
		6353EFF0218271E0001C1852 /* ReservationsViewController.swift */ = {isa = PBXFileReference; fileEncoding = 4; lastKnownFileType = sourcecode.swift; path = ReservationsViewController.swift; sourceTree = "<group>"; };
		6353EFF2218271EF001C1852 /* DatePickerViewController.swift */ = {isa = PBXFileReference; fileEncoding = 4; lastKnownFileType = sourcecode.swift; path = DatePickerViewController.swift; sourceTree = "<group>"; };
		635EA40621611F3D00F51096 /* CalendarViewController.swift */ = {isa = PBXFileReference; lastKnownFileType = sourcecode.swift; path = CalendarViewController.swift; sourceTree = "<group>"; };
		7DA296AB4079D8244CD75961 /* Pods_ForgetMeNot.framework */ = {isa = PBXFileReference; explicitFileType = wrapper.framework; includeInIndex = 0; path = Pods_ForgetMeNot.framework; sourceTree = BUILT_PRODUCTS_DIR; };
		9649CB67C8B90A637B4D0175 /* Pods-ForgetMeNot.release.xcconfig */ = {isa = PBXFileReference; includeInIndex = 1; lastKnownFileType = text.xcconfig; name = "Pods-ForgetMeNot.release.xcconfig"; path = "Pods/Target Support Files/Pods-ForgetMeNot/Pods-ForgetMeNot.release.xcconfig"; sourceTree = "<group>"; };
		C00360531E39747F00234FCD /* LaunchScreen.storyboard */ = {isa = PBXFileReference; fileEncoding = 4; lastKnownFileType = file.storyboard; path = LaunchScreen.storyboard; sourceTree = "<group>"; };
		C003608A1E3EA86500234FCD /* Icons.swift */ = {isa = PBXFileReference; fileEncoding = 4; lastKnownFileType = sourcecode.swift; path = Icons.swift; sourceTree = "<group>"; };
		C003608B1E3EA86500234FCD /* Item.swift */ = {isa = PBXFileReference; fileEncoding = 4; lastKnownFileType = sourcecode.swift; path = Item.swift; sourceTree = "<group>"; };
		C003608D1E3EA86500234FCD /* ItemCell.swift */ = {isa = PBXFileReference; fileEncoding = 4; lastKnownFileType = sourcecode.swift; path = ItemCell.swift; sourceTree = "<group>"; };
		C003608F1E3EA86500234FCD /* AddItemViewController.swift */ = {isa = PBXFileReference; fileEncoding = 4; lastKnownFileType = sourcecode.swift; path = AddItemViewController.swift; sourceTree = "<group>"; };
		C00360901E3EA86500234FCD /* ItemsViewController.swift */ = {isa = PBXFileReference; fileEncoding = 4; lastKnownFileType = sourcecode.swift; path = ItemsViewController.swift; sourceTree = "<group>"; };
		C00360961E3EA88F00234FCD /* IconCell.swift */ = {isa = PBXFileReference; fileEncoding = 4; lastKnownFileType = sourcecode.swift; path = IconCell.swift; sourceTree = "<group>"; };
		E3FF9F1DFBDDB136F38F0C3A /* Pods-ForgetMeNot.debug.xcconfig */ = {isa = PBXFileReference; includeInIndex = 1; lastKnownFileType = text.xcconfig; name = "Pods-ForgetMeNot.debug.xcconfig"; path = "Pods/Target Support Files/Pods-ForgetMeNot/Pods-ForgetMeNot.debug.xcconfig"; sourceTree = "<group>"; };
		FB9CC9561AD701910038DF33 /* ForgetMeNot.app */ = {isa = PBXFileReference; explicitFileType = wrapper.application; includeInIndex = 0; path = ForgetMeNot.app; sourceTree = BUILT_PRODUCTS_DIR; };
		FB9CC95A1AD701910038DF33 /* Info.plist */ = {isa = PBXFileReference; lastKnownFileType = text.plist.xml; path = Info.plist; sourceTree = "<group>"; };
		FB9CC95B1AD701910038DF33 /* AppDelegate.swift */ = {isa = PBXFileReference; lastKnownFileType = sourcecode.swift; path = AppDelegate.swift; sourceTree = "<group>"; };
		FB9CC9621AD701910038DF33 /* Images.xcassets */ = {isa = PBXFileReference; lastKnownFileType = folder.assetcatalog; path = Images.xcassets; sourceTree = "<group>"; };
		FB9CC97B1AD701CF0038DF33 /* CoreGraphics.framework */ = {isa = PBXFileReference; lastKnownFileType = wrapper.framework; name = CoreGraphics.framework; path = System/Library/Frameworks/CoreGraphics.framework; sourceTree = SDKROOT; };
		FB9CC97D1AD701DA0038DF33 /* UIKit.framework */ = {isa = PBXFileReference; lastKnownFileType = wrapper.framework; name = UIKit.framework; path = System/Library/Frameworks/UIKit.framework; sourceTree = SDKROOT; };
		FB9CC97F1AD701E60038DF33 /* Foundation.framework */ = {isa = PBXFileReference; lastKnownFileType = wrapper.framework; name = Foundation.framework; path = System/Library/Frameworks/Foundation.framework; sourceTree = SDKROOT; };
		FB9CC9891AD702CC0038DF33 /* Main.storyboard */ = {isa = PBXFileReference; fileEncoding = 4; lastKnownFileType = file.storyboard; path = Main.storyboard; sourceTree = "<group>"; };
/* End PBXFileReference section */

/* Begin PBXFrameworksBuildPhase section */
		FB9CC9531AD701910038DF33 /* Frameworks */ = {
			isa = PBXFrameworksBuildPhase;
			buildActionMask = 2147483647;
			files = (
				FB9CC9801AD701E60038DF33 /* Foundation.framework in Frameworks */,
				FB9CC97E1AD701DA0038DF33 /* UIKit.framework in Frameworks */,
				FB9CC97C1AD701CF0038DF33 /* CoreGraphics.framework in Frameworks */,
				1A2B2ACC6789DD2F1A84BF2D /* Pods_ForgetMeNot.framework in Frameworks */,
			);
			runOnlyForDeploymentPostprocessing = 0;
		};
/* End PBXFrameworksBuildPhase section */

/* Begin PBXGroup section */
		63075870218505D3002E09C5 /* StoryBoard */ = {
			isa = PBXGroup;
			children = (
				C00360531E39747F00234FCD /* LaunchScreen.storyboard */,
				FB9CC9891AD702CC0038DF33 /* Main.storyboard */,
				6307587121850602002E09C5 /* Customer.storyboard */,
				63075873218507BF002E09C5 /* Host.storyboard */,
			);
			path = StoryBoard;
			sourceTree = "<group>";
		};
		C00360521E3973ED00234FCD /* Frameworks */ = {
			isa = PBXGroup;
			children = (
				FB9CC97F1AD701E60038DF33 /* Foundation.framework */,
				FB9CC97D1AD701DA0038DF33 /* UIKit.framework */,
				FB9CC97B1AD701CF0038DF33 /* CoreGraphics.framework */,
				7DA296AB4079D8244CD75961 /* Pods_ForgetMeNot.framework */,
			);
			name = Frameworks;
			sourceTree = "<group>";
		};
		C00360891E3EA86500234FCD /* Classes */ = {
			isa = PBXGroup;
			children = (
				25E3BF3D21A500E6003DECBA /* Helper.swift */,
				25D26E1821AE800600C301A4 /* Users.swift */,
				25B1D640219BA28D00D81863 /* UserData.swift */,
				630C1BE821B08F2D00755F71 /* CompData.swift */,
				C003608A1E3EA86500234FCD /* Icons.swift */,
				C003608B1E3EA86500234FCD /* Item.swift */,
				250E490E217679C300D4F516 /* Reservation.swift */,
				6307586E2184F5CD002E09C5 /* Alert.swift */,
			);
			path = Classes;
			sourceTree = "<group>";
		};
		C003608C1E3EA86500234FCD /* Custom Cells */ = {
			isa = PBXGroup;
			children = (
				C003608D1E3EA86500234FCD /* ItemCell.swift */,
				C00360961E3EA88F00234FCD /* IconCell.swift */,
			);
			path = "Custom Cells";
			sourceTree = "<group>";
		};
		C003608E1E3EA86500234FCD /* ViewControllers */ = {
			isa = PBXGroup;
			children = (
				25E9FDEA21AE7D490073DF78 /* CustomerViewController.swift */,
				C003608F1E3EA86500234FCD /* AddItemViewController.swift */,
				635EA40621611F3D00F51096 /* CalendarViewController.swift */,
				C00360901E3EA86500234FCD /* ItemsViewController.swift */,
				6353EFF2218271EF001C1852 /* DatePickerViewController.swift */,
				6353EFF0218271E0001C1852 /* ReservationsViewController.swift */,
				25D6EC2D217FBCD3008A9EA5 /* SignInViewController.swift */,
				25D6EC2F217FBCE9008A9EA5 /* SignUpViewController.swift */,
			);
			path = ViewControllers;
			sourceTree = "<group>";
		};
		EA8C9AA3A4F14BB6B1947C63 /* Pods */ = {
			isa = PBXGroup;
			children = (
				E3FF9F1DFBDDB136F38F0C3A /* Pods-ForgetMeNot.debug.xcconfig */,
				9649CB67C8B90A637B4D0175 /* Pods-ForgetMeNot.release.xcconfig */,
			);
			name = Pods;
			sourceTree = "<group>";
		};
		FB9CC94D1AD701910038DF33 = {
			isa = PBXGroup;
			children = (
				FB9CC9581AD701910038DF33 /* ForgetMeNot */,
				FB9CC9571AD701910038DF33 /* Products */,
				C00360521E3973ED00234FCD /* Frameworks */,
				EA8C9AA3A4F14BB6B1947C63 /* Pods */,
			);
			sourceTree = "<group>";
		};
		FB9CC9571AD701910038DF33 /* Products */ = {
			isa = PBXGroup;
			children = (
				FB9CC9561AD701910038DF33 /* ForgetMeNot.app */,
			);
			name = Products;
			sourceTree = "<group>";
		};
		FB9CC9581AD701910038DF33 /* ForgetMeNot */ = {
			isa = PBXGroup;
			children = (
				C00360891E3EA86500234FCD /* Classes */,
				C003608C1E3EA86500234FCD /* Custom Cells */,
				C003608E1E3EA86500234FCD /* ViewControllers */,
				FB9CC95B1AD701910038DF33 /* AppDelegate.swift */,
				63075870218505D3002E09C5 /* StoryBoard */,
				FB9CC9621AD701910038DF33 /* Images.xcassets */,
				252E40BB217D1BFE00AB511E /* Media.xcassets */,
				FB9CC9591AD701910038DF33 /* Supporting Files */,
			);
			path = ForgetMeNot;
			sourceTree = "<group>";
		};
		FB9CC9591AD701910038DF33 /* Supporting Files */ = {
			isa = PBXGroup;
			children = (
				2525652B217F757E00DFADCD /* GoogleService-Info.plist */,
				FB9CC95A1AD701910038DF33 /* Info.plist */,
			);
			name = "Supporting Files";
			sourceTree = "<group>";
		};
/* End PBXGroup section */

/* Begin PBXNativeTarget section */
		FB9CC9551AD701910038DF33 /* ForgetMeNot */ = {
			isa = PBXNativeTarget;
			buildConfigurationList = FB9CC9751AD701910038DF33 /* Build configuration list for PBXNativeTarget "ForgetMeNot" */;
			buildPhases = (
				15760D9A0464825459D475BB /* [CP] Check Pods Manifest.lock */,
				FB9CC9521AD701910038DF33 /* Sources */,
				FB9CC9531AD701910038DF33 /* Frameworks */,
				FB9CC9541AD701910038DF33 /* Resources */,
				AB90357E1FC40C18385B22A5 /* [CP] Embed Pods Frameworks */,
			);
			buildRules = (
			);
			dependencies = (
			);
			name = ForgetMeNot;
			productName = ForgetMeNot;
			productReference = FB9CC9561AD701910038DF33 /* ForgetMeNot.app */;
			productType = "com.apple.product-type.application";
		};
/* End PBXNativeTarget section */

/* Begin PBXProject section */
		FB9CC94E1AD701910038DF33 /* Project object */ = {
			isa = PBXProject;
			attributes = {
				LastUpgradeCheck = 0820;
				ORGANIZATIONNAME = "Ray Wenderlich";
				TargetAttributes = {
					FB9CC9551AD701910038DF33 = {
						CreatedOnToolsVersion = 6.2;
						DevelopmentTeam = XNWV359WQ8;
						LastSwiftMigration = 1000;
						SystemCapabilities = {
							com.apple.BackgroundModes = {
								enabled = 0;
							};
						};
					};
				};
			};
			buildConfigurationList = FB9CC9511AD701910038DF33 /* Build configuration list for PBXProject "ForgetMeNot" */;
			compatibilityVersion = "Xcode 3.2";
			developmentRegion = English;
			hasScannedForEncodings = 0;
			knownRegions = (
				en,
				Base,
			);
			mainGroup = FB9CC94D1AD701910038DF33;
			productRefGroup = FB9CC9571AD701910038DF33 /* Products */;
			projectDirPath = "";
			projectRoot = "";
			targets = (
				FB9CC9551AD701910038DF33 /* ForgetMeNot */,
			);
		};
/* End PBXProject section */

/* Begin PBXResourcesBuildPhase section */
		FB9CC9541AD701910038DF33 /* Resources */ = {
			isa = PBXResourcesBuildPhase;
			buildActionMask = 2147483647;
			files = (
				6307587221850602002E09C5 /* Customer.storyboard in Resources */,
				C00360541E39747F00234FCD /* LaunchScreen.storyboard in Resources */,
				FB9CC98A1AD702CC0038DF33 /* Main.storyboard in Resources */,
				252E40BC217D1BFE00AB511E /* Media.xcassets in Resources */,
				FB9CC9631AD701910038DF33 /* Images.xcassets in Resources */,
				63075874218507BF002E09C5 /* Host.storyboard in Resources */,
				2525652C217F757E00DFADCD /* GoogleService-Info.plist in Resources */,
			);
			runOnlyForDeploymentPostprocessing = 0;
		};
/* End PBXResourcesBuildPhase section */

/* Begin PBXShellScriptBuildPhase section */
		15760D9A0464825459D475BB /* [CP] Check Pods Manifest.lock */ = {
			isa = PBXShellScriptBuildPhase;
			buildActionMask = 2147483647;
			files = (
			);
			inputFileListPaths = (
			);
			inputPaths = (
				"${PODS_PODFILE_DIR_PATH}/Podfile.lock",
				"${PODS_ROOT}/Manifest.lock",
			);
			name = "[CP] Check Pods Manifest.lock";
			outputFileListPaths = (
			);
			outputPaths = (
				"$(DERIVED_FILE_DIR)/Pods-ForgetMeNot-checkManifestLockResult.txt",
			);
			runOnlyForDeploymentPostprocessing = 0;
			shellPath = /bin/sh;
			shellScript = "diff \"${PODS_PODFILE_DIR_PATH}/Podfile.lock\" \"${PODS_ROOT}/Manifest.lock\" > /dev/null\nif [ $? != 0 ] ; then\n    # print error to STDERR\n    echo \"error: The sandbox is not in sync with the Podfile.lock. Run 'pod install' or update your CocoaPods installation.\" >&2\n    exit 1\nfi\n# This output is used by Xcode 'outputs' to avoid re-running this script phase.\necho \"SUCCESS\" > \"${SCRIPT_OUTPUT_FILE_0}\"\n";
			showEnvVarsInLog = 0;
		};
		AB90357E1FC40C18385B22A5 /* [CP] Embed Pods Frameworks */ = {
			isa = PBXShellScriptBuildPhase;
			buildActionMask = 2147483647;
			files = (
			);
			inputFileListPaths = (
			);
			inputPaths = (
				"${SRCROOT}/Pods/Target Support Files/Pods-ForgetMeNot/Pods-ForgetMeNot-frameworks.sh",
				"${BUILT_PRODUCTS_DIR}/GTMSessionFetcher/GTMSessionFetcher.framework",
				"${BUILT_PRODUCTS_DIR}/GoogleUtilities/GoogleUtilities.framework",
				"${BUILT_PRODUCTS_DIR}/leveldb-library/leveldb.framework",
				"${BUILT_PRODUCTS_DIR}/nanopb/nanopb.framework",
			);
			name = "[CP] Embed Pods Frameworks";
			outputFileListPaths = (
			);
			outputPaths = (
				"${TARGET_BUILD_DIR}/${FRAMEWORKS_FOLDER_PATH}/GTMSessionFetcher.framework",
				"${TARGET_BUILD_DIR}/${FRAMEWORKS_FOLDER_PATH}/GoogleUtilities.framework",
				"${TARGET_BUILD_DIR}/${FRAMEWORKS_FOLDER_PATH}/leveldb.framework",
				"${TARGET_BUILD_DIR}/${FRAMEWORKS_FOLDER_PATH}/nanopb.framework",
			);
			runOnlyForDeploymentPostprocessing = 0;
			shellPath = /bin/sh;
			shellScript = "\"${SRCROOT}/Pods/Target Support Files/Pods-ForgetMeNot/Pods-ForgetMeNot-frameworks.sh\"\n";
			showEnvVarsInLog = 0;
		};
/* End PBXShellScriptBuildPhase section */

/* Begin PBXSourcesBuildPhase section */
		FB9CC9521AD701910038DF33 /* Sources */ = {
			isa = PBXSourcesBuildPhase;
			buildActionMask = 2147483647;
			files = (
				25D6EC2E217FBCD3008A9EA5 /* SignInViewController.swift in Sources */,
				25E9FDEB21AE7D490073DF78 /* CustomerViewController.swift in Sources */,
				635EA40721611F3D00F51096 /* CalendarViewController.swift in Sources */,
				630C1BE921B08F2D00755F71 /* CompData.swift in Sources */,
				C00360941E3EA86500234FCD /* AddItemViewController.swift in Sources */,
				250E490F217679C300D4F516 /* Reservation.swift in Sources */,
				C00360971E3EA88F00234FCD /* IconCell.swift in Sources */,
				6353EFF1218271E1001C1852 /* ReservationsViewController.swift in Sources */,
				C00360951E3EA86500234FCD /* ItemsViewController.swift in Sources */,
				25E3BF3E21A500E6003DECBA /* Helper.swift in Sources */,
				25D6EC30217FBCE9008A9EA5 /* SignUpViewController.swift in Sources */,
				25D26E1921AE800600C301A4 /* Users.swift in Sources */,
				C00360931E3EA86500234FCD /* ItemCell.swift in Sources */,
				C00360911E3EA86500234FCD /* Icons.swift in Sources */,
				25B1D641219BA28D00D81863 /* UserData.swift in Sources */,
				6353EFF3218271EF001C1852 /* DatePickerViewController.swift in Sources */,
				C00360921E3EA86500234FCD /* Item.swift in Sources */,
				6307586F2184F5CD002E09C5 /* Alert.swift in Sources */,
				FB9CC95C1AD701910038DF33 /* AppDelegate.swift in Sources */,
			);
			runOnlyForDeploymentPostprocessing = 0;
		};
/* End PBXSourcesBuildPhase section */

/* Begin XCBuildConfiguration section */
		FB9CC9731AD701910038DF33 /* Debug */ = {
			isa = XCBuildConfiguration;
			buildSettings = {
				ALWAYS_SEARCH_USER_PATHS = NO;
				CLANG_CXX_LANGUAGE_STANDARD = "gnu++0x";
				CLANG_CXX_LIBRARY = "libc++";
				CLANG_ENABLE_MODULES = YES;
				CLANG_ENABLE_OBJC_ARC = YES;
				CLANG_WARN_BOOL_CONVERSION = YES;
				CLANG_WARN_CONSTANT_CONVERSION = YES;
				CLANG_WARN_DIRECT_OBJC_ISA_USAGE = YES_ERROR;
				CLANG_WARN_EMPTY_BODY = YES;
				CLANG_WARN_ENUM_CONVERSION = YES;
				CLANG_WARN_INFINITE_RECURSION = YES;
				CLANG_WARN_INT_CONVERSION = YES;
				CLANG_WARN_OBJC_ROOT_CLASS = YES_ERROR;
				CLANG_WARN_SUSPICIOUS_MOVE = YES;
				CLANG_WARN_UNREACHABLE_CODE = YES;
				CLANG_WARN__DUPLICATE_METHOD_MATCH = YES;
				"CODE_SIGN_IDENTITY[sdk=iphoneos*]" = "iPhone Developer";
				COPY_PHASE_STRIP = NO;
				ENABLE_STRICT_OBJC_MSGSEND = YES;
				ENABLE_TESTABILITY = YES;
				GCC_C_LANGUAGE_STANDARD = gnu99;
				GCC_DYNAMIC_NO_PIC = NO;
				GCC_NO_COMMON_BLOCKS = YES;
				GCC_OPTIMIZATION_LEVEL = 0;
				GCC_PREPROCESSOR_DEFINITIONS = (
					"DEBUG=1",
					"$(inherited)",
				);
				GCC_SYMBOLS_PRIVATE_EXTERN = NO;
				GCC_WARN_64_TO_32_BIT_CONVERSION = YES;
				GCC_WARN_ABOUT_RETURN_TYPE = YES_ERROR;
				GCC_WARN_UNDECLARED_SELECTOR = YES;
				GCC_WARN_UNINITIALIZED_AUTOS = YES_AGGRESSIVE;
				GCC_WARN_UNUSED_FUNCTION = YES;
				GCC_WARN_UNUSED_VARIABLE = YES;
				IPHONEOS_DEPLOYMENT_TARGET = 10.2;
				MTL_ENABLE_DEBUG_INFO = YES;
				ONLY_ACTIVE_ARCH = YES;
				SDKROOT = iphoneos;
				SWIFT_OPTIMIZATION_LEVEL = "-Onone";
			};
			name = Debug;
		};
		FB9CC9741AD701910038DF33 /* Release */ = {
			isa = XCBuildConfiguration;
			buildSettings = {
				ALWAYS_SEARCH_USER_PATHS = NO;
				CLANG_CXX_LANGUAGE_STANDARD = "gnu++0x";
				CLANG_CXX_LIBRARY = "libc++";
				CLANG_ENABLE_MODULES = YES;
				CLANG_ENABLE_OBJC_ARC = YES;
				CLANG_WARN_BOOL_CONVERSION = YES;
				CLANG_WARN_CONSTANT_CONVERSION = YES;
				CLANG_WARN_DIRECT_OBJC_ISA_USAGE = YES_ERROR;
				CLANG_WARN_EMPTY_BODY = YES;
				CLANG_WARN_ENUM_CONVERSION = YES;
				CLANG_WARN_INFINITE_RECURSION = YES;
				CLANG_WARN_INT_CONVERSION = YES;
				CLANG_WARN_OBJC_ROOT_CLASS = YES_ERROR;
				CLANG_WARN_SUSPICIOUS_MOVE = YES;
				CLANG_WARN_UNREACHABLE_CODE = YES;
				CLANG_WARN__DUPLICATE_METHOD_MATCH = YES;
				"CODE_SIGN_IDENTITY[sdk=iphoneos*]" = "iPhone Developer";
				COPY_PHASE_STRIP = NO;
				ENABLE_NS_ASSERTIONS = NO;
				ENABLE_STRICT_OBJC_MSGSEND = YES;
				GCC_C_LANGUAGE_STANDARD = gnu99;
				GCC_NO_COMMON_BLOCKS = YES;
				GCC_WARN_64_TO_32_BIT_CONVERSION = YES;
				GCC_WARN_ABOUT_RETURN_TYPE = YES_ERROR;
				GCC_WARN_UNDECLARED_SELECTOR = YES;
				GCC_WARN_UNINITIALIZED_AUTOS = YES_AGGRESSIVE;
				GCC_WARN_UNUSED_FUNCTION = YES;
				GCC_WARN_UNUSED_VARIABLE = YES;
				IPHONEOS_DEPLOYMENT_TARGET = 10.2;
				MTL_ENABLE_DEBUG_INFO = NO;
				SDKROOT = iphoneos;
				SWIFT_OPTIMIZATION_LEVEL = "-Owholemodule";
				VALIDATE_PRODUCT = YES;
			};
			name = Release;
		};
		FB9CC9761AD701910038DF33 /* Debug */ = {
			isa = XCBuildConfiguration;
			baseConfigurationReference = E3FF9F1DFBDDB136F38F0C3A /* Pods-ForgetMeNot.debug.xcconfig */;
			buildSettings = {
				ASSETCATALOG_COMPILER_APPICON_NAME = AppIcon;
				DEVELOPMENT_TEAM = XNWV359WQ8;
				INFOPLIST_FILE = ForgetMeNot/Info.plist;
				IPHONEOS_DEPLOYMENT_TARGET = 10.2;
				LD_RUNPATH_SEARCH_PATHS = "$(inherited) @executable_path/Frameworks";
				PRODUCT_BUNDLE_IDENTIFIER = com.raywenderlich.ForgetMeNotFinal;
				PRODUCT_NAME = "$(TARGET_NAME)";
				SWIFT_SWIFT3_OBJC_INFERENCE = On;
				SWIFT_VERSION = 4.2;
			};
			name = Debug;
		};
		FB9CC9771AD701910038DF33 /* Release */ = {
			isa = XCBuildConfiguration;
			baseConfigurationReference = 9649CB67C8B90A637B4D0175 /* Pods-ForgetMeNot.release.xcconfig */;
			buildSettings = {
				ASSETCATALOG_COMPILER_APPICON_NAME = AppIcon;
				DEVELOPMENT_TEAM = XNWV359WQ8;
				INFOPLIST_FILE = ForgetMeNot/Info.plist;
				IPHONEOS_DEPLOYMENT_TARGET = 10.2;
				LD_RUNPATH_SEARCH_PATHS = "$(inherited) @executable_path/Frameworks";
				PRODUCT_BUNDLE_IDENTIFIER = com.raywenderlich.ForgetMeNotFinal;
				PRODUCT_NAME = "$(TARGET_NAME)";
				SWIFT_SWIFT3_OBJC_INFERENCE = On;
				SWIFT_VERSION = 4.2;
			};
			name = Release;
		};
/* End XCBuildConfiguration section */

/* Begin XCConfigurationList section */
		FB9CC9511AD701910038DF33 /* Build configuration list for PBXProject "ForgetMeNot" */ = {
			isa = XCConfigurationList;
			buildConfigurations = (
				FB9CC9731AD701910038DF33 /* Debug */,
				FB9CC9741AD701910038DF33 /* Release */,
			);
			defaultConfigurationIsVisible = 0;
			defaultConfigurationName = Release;
		};
		FB9CC9751AD701910038DF33 /* Build configuration list for PBXNativeTarget "ForgetMeNot" */ = {
			isa = XCConfigurationList;
			buildConfigurations = (
				FB9CC9761AD701910038DF33 /* Debug */,
				FB9CC9771AD701910038DF33 /* Release */,
			);
			defaultConfigurationIsVisible = 0;
			defaultConfigurationName = Release;
		};
/* End XCConfigurationList section */
	};
	rootObject = FB9CC94E1AD701910038DF33 /* Project object */;
}
